
Microsoft Visual Studio Solution File, Format Version 12.00
# Visual Studio Version 16
VisualStudioVersion = 16.0.32106.194
MinimumVisualStudioVersion = 10.0.40219.1
Project("{9A19103F-16F7-4668-BE54-9A1E7A4F7556}") = "EFMiniproject2_Vasavi", "EFMiniproject2_Vasavi\EFMiniproject2_Vasavi.csproj", "{8348C47E-2CA4-4D23-BDC9-910D6458A131}"
EndProject
Global
	GlobalSection(SolutionConfigurationPlatforms) = preSolution
		Debug|Any CPU = Debug|Any CPU
		Release|Any CPU = Release|Any CPU
	EndGlobalSection
	GlobalSection(ProjectConfigurationPlatforms) = postSolution
		{8348C47E-2CA4-4D23-BDC9-910D6458A131}.Debug|Any CPU.ActiveCfg = Debug|Any CPU
		{8348C47E-2CA4-4D23-BDC9-910D6458A131}.Debug|Any CPU.Build.0 = Debug|Any CPU
		{8348C47E-2CA4-4D23-BDC9-910D6458A131}.Release|Any CPU.ActiveCfg = Release|Any CPU
		{8348C47E-2CA4-4D23-BDC9-910D6458A131}.Release|Any CPU.Build.0 = Release|Any CPU
	EndGlobalSection
	GlobalSection(SolutionProperties) = preSolution
		HideSolutionNode = FALSE
	EndGlobalSection
	GlobalSection(ExtensibilityGlobals) = postSolution
		SolutionGuid = {01165EAC-AF96-4592-8135-E8C80FB163B6}
	EndGlobalSection
EndGlobal
